
Microsoft Visual Studio Solution File, Format Version 12.00
# Visual Studio Version 16
VisualStudioVersion = 16.0.30503.244
MinimumVisualStudioVersion = 10.0.40219.1
Project("{FAE04EC0-301F-11D3-BF4B-00C04F79EFBC}") = "Meta", "Meta\Meta.csproj", "{11797BAA-0289-4759-B698-0CCE7A965846}"
EndProject
Global
	GlobalSection(SolutionConfigurationPlatforms) = preSolution
		Debug|Any CPU = Debug|Any CPU
		Release|Any CPU = Release|Any CPU
	EndGlobalSection
	GlobalSection(ProjectConfigurationPlatforms) = postSolution
		{11797BAA-0289-4759-B698-0CCE7A965846}.Debug|Any CPU.ActiveCfg = Debug|Any CPU
		{11797BAA-0289-4759-B698-0CCE7A965846}.Debug|Any CPU.Build.0 = Debug|Any CPU
		{11797BAA-0289-4759-B698-0CCE7A965846}.Release|Any CPU.ActiveCfg = Release|Any CPU
		{11797BAA-0289-4759-B698-0CCE7A965846}.Release|Any CPU.Build.0 = Release|Any CPU
	EndGlobalSection
	GlobalSection(SolutionProperties) = preSolution
		HideSolutionNode = FALSE
	EndGlobalSection
	GlobalSection(ExtensibilityGlobals) = postSolution
		SolutionGuid = {59EB7D0F-3A9F-437F-8D15-680E130DB61C}
	EndGlobalSection
EndGlobal
